{
  "name": "oss-medical-record-contract",
  "version": "1.0.0",
  "lockfileVersion": 1,
  "requires": true,
  "dependencies": {
    "solidity": {
      "version": "git+https://github.com/zcom-cloud-blockchain/solidity.git#7753fb706ecc6e929acbbb225b3894d9b96cecf5"
    },
    "zcom-contracts": {
      "version": "git+https://github.com/zcom-cloud-blockchain/solidity.git#167806ff4ffccb4a8303c209d4b12376a3000417"
    }
  }
}
